
Microsoft Visual Studio Solution File, Format Version 12.00
Project("{FAE04EC0-301F-11D3-BF4B-00C04F79EFBC}") = "DiveHub.Application", "DiveHub.Application\DiveHub.Application.csproj", "{61720CFF-0725-4795-B811-8435B3F4441F}"
EndProject
Project("{FAE04EC0-301F-11D3-BF4B-00C04F79EFBC}") = "DiveHub.Core", "DiveHub.Core\DiveHub.Core.csproj", "{B73C0A4D-0ABE-425E-A2F0-346579087CCF}"
EndProject
Project("{FAE04EC0-301F-11D3-BF4B-00C04F79EFBC}") = "DiveHub.Infrastructure", "DiveHub.Infrastructure\DiveHub.Infrastructure.csproj", "{209C954F-4D57-406D-AE87-548BB1C09C1C}"
EndProject
Project("{FAE04EC0-301F-11D3-BF4B-00C04F79EFBC}") = "DiveHub.Tests", "DiveHub.Tests\DiveHub.Tests.csproj", "{449A1A85-1232-4862-9343-399B2C111F2F}"
EndProject
Project("{FAE04EC0-301F-11D3-BF4B-00C04F79EFBC}") = "DiveHub.WebApi", "DiveHub.WebApi\DiveHub.WebApi.csproj", "{8887C00E-F169-44ED-A5FF-5D2FBE45FF94}"
EndProject
Global
	GlobalSection(SolutionConfigurationPlatforms) = preSolution
		Debug|Any CPU = Debug|Any CPU
		Release|Any CPU = Release|Any CPU
	EndGlobalSection
	GlobalSection(ProjectConfigurationPlatforms) = postSolution
		{61720CFF-0725-4795-B811-8435B3F4441F}.Debug|Any CPU.ActiveCfg = Debug|Any CPU
		{61720CFF-0725-4795-B811-8435B3F4441F}.Debug|Any CPU.Build.0 = Debug|Any CPU
		{61720CFF-0725-4795-B811-8435B3F4441F}.Release|Any CPU.ActiveCfg = Release|Any CPU
		{61720CFF-0725-4795-B811-8435B3F4441F}.Release|Any CPU.Build.0 = Release|Any CPU
		{B73C0A4D-0ABE-425E-A2F0-346579087CCF}.Debug|Any CPU.ActiveCfg = Debug|Any CPU
		{B73C0A4D-0ABE-425E-A2F0-346579087CCF}.Debug|Any CPU.Build.0 = Debug|Any CPU
		{B73C0A4D-0ABE-425E-A2F0-346579087CCF}.Release|Any CPU.ActiveCfg = Release|Any CPU
		{B73C0A4D-0ABE-425E-A2F0-346579087CCF}.Release|Any CPU.Build.0 = Release|Any CPU
		{209C954F-4D57-406D-AE87-548BB1C09C1C}.Debug|Any CPU.ActiveCfg = Debug|Any CPU
		{209C954F-4D57-406D-AE87-548BB1C09C1C}.Debug|Any CPU.Build.0 = Debug|Any CPU
		{209C954F-4D57-406D-AE87-548BB1C09C1C}.Release|Any CPU.ActiveCfg = Release|Any CPU
		{209C954F-4D57-406D-AE87-548BB1C09C1C}.Release|Any CPU.Build.0 = Release|Any CPU
		{449A1A85-1232-4862-9343-399B2C111F2F}.Debug|Any CPU.ActiveCfg = Debug|Any CPU
		{449A1A85-1232-4862-9343-399B2C111F2F}.Debug|Any CPU.Build.0 = Debug|Any CPU
		{449A1A85-1232-4862-9343-399B2C111F2F}.Release|Any CPU.ActiveCfg = Release|Any CPU
		{449A1A85-1232-4862-9343-399B2C111F2F}.Release|Any CPU.Build.0 = Release|Any CPU
		{8887C00E-F169-44ED-A5FF-5D2FBE45FF94}.Debug|Any CPU.ActiveCfg = Debug|Any CPU
		{8887C00E-F169-44ED-A5FF-5D2FBE45FF94}.Debug|Any CPU.Build.0 = Debug|Any CPU
		{8887C00E-F169-44ED-A5FF-5D2FBE45FF94}.Release|Any CPU.ActiveCfg = Release|Any CPU
		{8887C00E-F169-44ED-A5FF-5D2FBE45FF94}.Release|Any CPU.Build.0 = Release|Any CPU
	EndGlobalSection
EndGlobal
